
Microsoft Visual Studio Solution File, Format Version 12.00
# Visual Studio 15
VisualStudioVersion = 15.0.28307.1062
MinimumVisualStudioVersion = 10.0.40219.1
Project("{FAE04EC0-301F-11D3-BF4B-00C04F79EFBC}") = "MVC ActionResults", "MVC ActionResults\MVC ActionResults.csproj", "{A5127179-E8ED-4ABA-A38B-0931B70DEFC2}"
EndProject
Global
	GlobalSection(SolutionConfigurationPlatforms) = preSolution
		Debug|Any CPU = Debug|Any CPU
		Release|Any CPU = Release|Any CPU
	EndGlobalSection
	GlobalSection(ProjectConfigurationPlatforms) = postSolution
		{A5127179-E8ED-4ABA-A38B-0931B70DEFC2}.Debug|Any CPU.ActiveCfg = Debug|Any CPU
		{A5127179-E8ED-4ABA-A38B-0931B70DEFC2}.Debug|Any CPU.Build.0 = Debug|Any CPU
		{A5127179-E8ED-4ABA-A38B-0931B70DEFC2}.Release|Any CPU.ActiveCfg = Release|Any CPU
		{A5127179-E8ED-4ABA-A38B-0931B70DEFC2}.Release|Any CPU.Build.0 = Release|Any CPU
	EndGlobalSection
	GlobalSection(SolutionProperties) = preSolution
		HideSolutionNode = FALSE
	EndGlobalSection
	GlobalSection(ExtensibilityGlobals) = postSolution
		SolutionGuid = {B8C37059-DBD2-4FEF-BBFE-C196DF337939}
	EndGlobalSection
EndGlobal
